
Microsoft Visual Studio Solution File, Format Version 12.00
# Visual Studio Version 17
VisualStudioVersion = 17.14.36518.9
MinimumVisualStudioVersion = 10.0.40219.1
Project("{2150E333-8FDC-42A3-9474-1A3956D46DE8}") = "Task0", "Task0", "{02EA681E-C7D8-13C7-8484-4AC65E1B71E8}"
EndProject
Project("{FAE04EC0-301F-11D3-BF4B-00C04F79EFBC}") = "Tyuiu.ReshetovaAA.Sprint4.Task0.V16", "Tyuiu.ReshetovaAA.Sprint4.Task0.V16\Tyuiu.ReshetovaAA.Sprint4.Task0.V16.csproj", "{703F2DC9-1BA8-464B-92C1-C8F7E614E7CA}"
EndProject
Project("{FAE04EC0-301F-11D3-BF4B-00C04F79EFBC}") = "Tyuiu.ReshetovaAA.Sprint4.Task0.V16.Test", "Tyuiu.ReshetovaAA.Sprint4.Task0.V16.Test\Tyuiu.ReshetovaAA.Sprint4.Task0.V16.Test.csproj", "{CF068185-6FE7-4DF9-AFBA-8CF9C4D2A6EC}"
EndProject
Project("{FAE04EC0-301F-11D3-BF4B-00C04F79EFBC}") = "Tyuiu.ReshetovaAA.Sprint4.Task0.V16.Lib", "Tyuiu.ReshetovaAA.Sprint4.Task0.V16.Lib\Tyuiu.ReshetovaAA.Sprint4.Task0.V16.Lib.csproj", "{35A6FBDE-B2BB-4DE2-9493-4BDEAB93F5A8}"
EndProject
Project("{2150E333-8FDC-42A3-9474-1A3956D46DE8}") = "Task1", "Task1", "{50A1E851-0F5D-401A-8190-1445B4AB45BB}"
EndProject
Project("{FAE04EC0-301F-11D3-BF4B-00C04F79EFBC}") = "Tyuiu.ReshetovaAA.Sprint4.Task1.V25.Lib", "Tyuiu.ReshetovaAA.Sprint4.Task1.V25.Lib\Tyuiu.ReshetovaAA.Sprint4.Task1.V25.Lib.csproj", "{197FD3B1-DA93-450B-B286-E4B4CEA94532}"
EndProject
Project("{FAE04EC0-301F-11D3-BF4B-00C04F79EFBC}") = "Tyuiu.ReshetovaAA.Sprint4.Task1.V25.Test", "Tyuiu.ReshetovaAA.Sprint4.Task1.V25.Test\Tyuiu.ReshetovaAA.Sprint4.Task1.V25.Test.csproj", "{48672C15-3EF4-4BA6-B3CD-44C93E6D0166}"
EndProject
Project("{FAE04EC0-301F-11D3-BF4B-00C04F79EFBC}") = "Tyuiu.ReshetovaAA.Sprint4.Task1.V25", "Tyuiu.ReshetovaAA.Sprint4.Task1.V25\Tyuiu.ReshetovaAA.Sprint4.Task1.V25.csproj", "{4435D28F-D3B5-4DF3-BD65-834DAF720CE2}"
EndProject
Project("{2150E333-8FDC-42A3-9474-1A3956D46DE8}") = "Task2", "Task2", "{3362811D-35F6-479E-9F49-EF7D36E21487}"
EndProject
Project("{FAE04EC0-301F-11D3-BF4B-00C04F79EFBC}") = "Tyuiu.ReshetovaAA.Sprint4.Task2.V12", "Tyuiu.ReshetovaAA.Sprint4.Task2.V12\Tyuiu.ReshetovaAA.Sprint4.Task2.V12.csproj", "{13DCCB73-AFAC-4D0D-BE53-700D87BE2BD5}"
EndProject
Project("{FAE04EC0-301F-11D3-BF4B-00C04F79EFBC}") = "Tyuiu.ReshetovaAA.Sprint4.Task2.V12.Test", "Tyuiu.ReshetovaAA.Sprint4.Task2.V12.Test\Tyuiu.ReshetovaAA.Sprint4.Task2.V12.Test.csproj", "{8E7809AB-A234-4D1A-B955-42D23897BE67}"
EndProject
Project("{FAE04EC0-301F-11D3-BF4B-00C04F79EFBC}") = "Tyuiu.ReshetovaAA.Sprint4.Task2.V12.Lib", "Tyuiu.ReshetovaAA.Sprint4.Task2.V12.Lib\Tyuiu.ReshetovaAA.Sprint4.Task2.V12.Lib.csproj", "{A4387330-8DE9-47E1-A82F-EE1EAE9637B4}"
EndProject
Project("{2150E333-8FDC-42A3-9474-1A3956D46DE8}") = "Task3", "Task3", "{B3D50EA4-DB03-4623-8E0D-02167CC41457}"
EndProject
Project("{FAE04EC0-301F-11D3-BF4B-00C04F79EFBC}") = "Tyuiu.ReshetovaAA.Sprint4.Task3.V30.Lib", "Tyuiu.ReshetovaAA.Sprint4.Task3.V30.Lib\Tyuiu.ReshetovaAA.Sprint4.Task3.V30.Lib.csproj", "{3841039D-108F-497A-90FD-79D2C510B92C}"
EndProject
Project("{FAE04EC0-301F-11D3-BF4B-00C04F79EFBC}") = "Tyuiu.ReshetovaAA.Sprint4.Task3.V30.Test", "Tyuiu.ReshetovaAA.Sprint4.Task3.V30.Test\Tyuiu.ReshetovaAA.Sprint4.Task3.V30.Test.csproj", "{673B27FE-9497-426A-888A-3B8D09E765C6}"
EndProject
Project("{FAE04EC0-301F-11D3-BF4B-00C04F79EFBC}") = "Tyuiu.ReshetovaAA.Sprint4.Task3.V30", "Tyuiu.ReshetovaAA.Sprint4.Task3.V30\Tyuiu.ReshetovaAA.Sprint4.Task3.V30.csproj", "{38D084C9-C33F-45C1-BCF7-F5428403AC1D}"
EndProject
Global
	GlobalSection(SolutionConfigurationPlatforms) = preSolution
		Debug|Any CPU = Debug|Any CPU
		Release|Any CPU = Release|Any CPU
	EndGlobalSection
	GlobalSection(ProjectConfigurationPlatforms) = postSolution
		{703F2DC9-1BA8-464B-92C1-C8F7E614E7CA}.Debug|Any CPU.ActiveCfg = Debug|Any CPU
		{703F2DC9-1BA8-464B-92C1-C8F7E614E7CA}.Debug|Any CPU.Build.0 = Debug|Any CPU
		{703F2DC9-1BA8-464B-92C1-C8F7E614E7CA}.Release|Any CPU.ActiveCfg = Release|Any CPU
		{703F2DC9-1BA8-464B-92C1-C8F7E614E7CA}.Release|Any CPU.Build.0 = Release|Any CPU
		{CF068185-6FE7-4DF9-AFBA-8CF9C4D2A6EC}.Debug|Any CPU.ActiveCfg = Debug|Any CPU
		{CF068185-6FE7-4DF9-AFBA-8CF9C4D2A6EC}.Debug|Any CPU.Build.0 = Debug|Any CPU
		{CF068185-6FE7-4DF9-AFBA-8CF9C4D2A6EC}.Release|Any CPU.ActiveCfg = Release|Any CPU
		{CF068185-6FE7-4DF9-AFBA-8CF9C4D2A6EC}.Release|Any CPU.Build.0 = Release|Any CPU
		{35A6FBDE-B2BB-4DE2-9493-4BDEAB93F5A8}.Debug|Any CPU.ActiveCfg = Debug|Any CPU
		{35A6FBDE-B2BB-4DE2-9493-4BDEAB93F5A8}.Debug|Any CPU.Build.0 = Debug|Any CPU
		{35A6FBDE-B2BB-4DE2-9493-4BDEAB93F5A8}.Release|Any CPU.ActiveCfg = Release|Any CPU
		{35A6FBDE-B2BB-4DE2-9493-4BDEAB93F5A8}.Release|Any CPU.Build.0 = Release|Any CPU
		{197FD3B1-DA93-450B-B286-E4B4CEA94532}.Debug|Any CPU.ActiveCfg = Debug|Any CPU
		{197FD3B1-DA93-450B-B286-E4B4CEA94532}.Debug|Any CPU.Build.0 = Debug|Any CPU
		{197FD3B1-DA93-450B-B286-E4B4CEA94532}.Release|Any CPU.ActiveCfg = Release|Any CPU
		{197FD3B1-DA93-450B-B286-E4B4CEA94532}.Release|Any CPU.Build.0 = Release|Any CPU
		{48672C15-3EF4-4BA6-B3CD-44C93E6D0166}.Debug|Any CPU.ActiveCfg = Debug|Any CPU
		{48672C15-3EF4-4BA6-B3CD-44C93E6D0166}.Debug|Any CPU.Build.0 = Debug|Any CPU
		{48672C15-3EF4-4BA6-B3CD-44C93E6D0166}.Release|Any CPU.ActiveCfg = Release|Any CPU
		{48672C15-3EF4-4BA6-B3CD-44C93E6D0166}.Release|Any CPU.Build.0 = Release|Any CPU
		{4435D28F-D3B5-4DF3-BD65-834DAF720CE2}.Debug|Any CPU.ActiveCfg = Debug|Any CPU
		{4435D28F-D3B5-4DF3-BD65-834DAF720CE2}.Debug|Any CPU.Build.0 = Debug|Any CPU
		{4435D28F-D3B5-4DF3-BD65-834DAF720CE2}.Release|Any CPU.ActiveCfg = Release|Any CPU
		{4435D28F-D3B5-4DF3-BD65-834DAF720CE2}.Release|Any CPU.Build.0 = Release|Any CPU
		{13DCCB73-AFAC-4D0D-BE53-700D87BE2BD5}.Debug|Any CPU.ActiveCfg = Debug|Any CPU
		{13DCCB73-AFAC-4D0D-BE53-700D87BE2BD5}.Debug|Any CPU.Build.0 = Debug|Any CPU
		{13DCCB73-AFAC-4D0D-BE53-700D87BE2BD5}.Release|Any CPU.ActiveCfg = Release|Any CPU
		{13DCCB73-AFAC-4D0D-BE53-700D87BE2BD5}.Release|Any CPU.Build.0 = Release|Any CPU
		{8E7809AB-A234-4D1A-B955-42D23897BE67}.Debug|Any CPU.ActiveCfg = Debug|Any CPU
		{8E7809AB-A234-4D1A-B955-42D23897BE67}.Debug|Any CPU.Build.0 = Debug|Any CPU
		{8E7809AB-A234-4D1A-B955-42D23897BE67}.Release|Any CPU.ActiveCfg = Release|Any CPU
		{8E7809AB-A234-4D1A-B955-42D23897BE67}.Release|Any CPU.Build.0 = Release|Any CPU
		{A4387330-8DE9-47E1-A82F-EE1EAE9637B4}.Debug|Any CPU.ActiveCfg = Debug|Any CPU
		{A4387330-8DE9-47E1-A82F-EE1EAE9637B4}.Debug|Any CPU.Build.0 = Debug|Any CPU
		{A4387330-8DE9-47E1-A82F-EE1EAE9637B4}.Release|Any CPU.ActiveCfg = Release|Any CPU
		{A4387330-8DE9-47E1-A82F-EE1EAE9637B4}.Release|Any CPU.Build.0 = Release|Any CPU
		{3841039D-108F-497A-90FD-79D2C510B92C}.Debug|Any CPU.ActiveCfg = Debug|Any CPU
		{3841039D-108F-497A-90FD-79D2C510B92C}.Debug|Any CPU.Build.0 = Debug|Any CPU
		{3841039D-108F-497A-90FD-79D2C510B92C}.Release|Any CPU.ActiveCfg = Release|Any CPU
		{3841039D-108F-497A-90FD-79D2C510B92C}.Release|Any CPU.Build.0 = Release|Any CPU
		{673B27FE-9497-426A-888A-3B8D09E765C6}.Debug|Any CPU.ActiveCfg = Debug|Any CPU
		{673B27FE-9497-426A-888A-3B8D09E765C6}.Debug|Any CPU.Build.0 = Debug|Any CPU
		{673B27FE-9497-426A-888A-3B8D09E765C6}.Release|Any CPU.ActiveCfg = Release|Any CPU
		{673B27FE-9497-426A-888A-3B8D09E765C6}.Release|Any CPU.Build.0 = Release|Any CPU
		{38D084C9-C33F-45C1-BCF7-F5428403AC1D}.Debug|Any CPU.ActiveCfg = Debug|Any CPU
		{38D084C9-C33F-45C1-BCF7-F5428403AC1D}.Debug|Any CPU.Build.0 = Debug|Any CPU
		{38D084C9-C33F-45C1-BCF7-F5428403AC1D}.Release|Any CPU.ActiveCfg = Release|Any CPU
		{38D084C9-C33F-45C1-BCF7-F5428403AC1D}.Release|Any CPU.Build.0 = Release|Any CPU
	EndGlobalSection
	GlobalSection(SolutionProperties) = preSolution
		HideSolutionNode = FALSE
	EndGlobalSection
	GlobalSection(NestedProjects) = preSolution
		{703F2DC9-1BA8-464B-92C1-C8F7E614E7CA} = {02EA681E-C7D8-13C7-8484-4AC65E1B71E8}
		{CF068185-6FE7-4DF9-AFBA-8CF9C4D2A6EC} = {02EA681E-C7D8-13C7-8484-4AC65E1B71E8}
		{35A6FBDE-B2BB-4DE2-9493-4BDEAB93F5A8} = {02EA681E-C7D8-13C7-8484-4AC65E1B71E8}
		{197FD3B1-DA93-450B-B286-E4B4CEA94532} = {50A1E851-0F5D-401A-8190-1445B4AB45BB}
		{48672C15-3EF4-4BA6-B3CD-44C93E6D0166} = {50A1E851-0F5D-401A-8190-1445B4AB45BB}
		{4435D28F-D3B5-4DF3-BD65-834DAF720CE2} = {50A1E851-0F5D-401A-8190-1445B4AB45BB}
		{13DCCB73-AFAC-4D0D-BE53-700D87BE2BD5} = {3362811D-35F6-479E-9F49-EF7D36E21487}
		{8E7809AB-A234-4D1A-B955-42D23897BE67} = {3362811D-35F6-479E-9F49-EF7D36E21487}
		{A4387330-8DE9-47E1-A82F-EE1EAE9637B4} = {3362811D-35F6-479E-9F49-EF7D36E21487}
		{3841039D-108F-497A-90FD-79D2C510B92C} = {B3D50EA4-DB03-4623-8E0D-02167CC41457}
		{673B27FE-9497-426A-888A-3B8D09E765C6} = {B3D50EA4-DB03-4623-8E0D-02167CC41457}
		{38D084C9-C33F-45C1-BCF7-F5428403AC1D} = {B3D50EA4-DB03-4623-8E0D-02167CC41457}
	EndGlobalSection
	GlobalSection(ExtensibilityGlobals) = postSolution
		SolutionGuid = {C87A6D76-FEF4-4AFF-9016-8E0239E505EF}
	EndGlobalSection
EndGlobal
