
Microsoft Visual Studio Solution File, Format Version 12.00
# Visual Studio Version 17
VisualStudioVersion = 17.14.36518.9
MinimumVisualStudioVersion = 10.0.40219.1
Project("{2150E333-8FDC-42A3-9474-1A3956D46DE8}") = "Task0", "Task0", "{02EA681E-C7D8-13C7-8484-4AC65E1B71E8}"
EndProject
Project("{FAE04EC0-301F-11D3-BF4B-00C04F79EFBC}") = "Tyuiu.ReshetovaAA.Sprint4.Task0.V16", "Tyuiu.ReshetovaAA.Sprint4.Task0.V16\Tyuiu.ReshetovaAA.Sprint4.Task0.V16.csproj", "{703F2DC9-1BA8-464B-92C1-C8F7E614E7CA}"
EndProject
Project("{FAE04EC0-301F-11D3-BF4B-00C04F79EFBC}") = "Tyuiu.ReshetovaAA.Sprint4.Task0.V16.Test", "Tyuiu.ReshetovaAA.Sprint4.Task0.V16.Test\Tyuiu.ReshetovaAA.Sprint4.Task0.V16.Test.csproj", "{CF068185-6FE7-4DF9-AFBA-8CF9C4D2A6EC}"
EndProject
Project("{FAE04EC0-301F-11D3-BF4B-00C04F79EFBC}") = "Tyuiu.ReshetovaAA.Sprint4.Task0.V16.Lib", "Tyuiu.ReshetovaAA.Sprint4.Task0.V16.Lib\Tyuiu.ReshetovaAA.Sprint4.Task0.V16.Lib.csproj", "{35A6FBDE-B2BB-4DE2-9493-4BDEAB93F5A8}"
EndProject
Project("{2150E333-8FDC-42A3-9474-1A3956D46DE8}") = "Task1", "Task1", "{50A1E851-0F5D-401A-8190-1445B4AB45BB}"
EndProject
Project("{FAE04EC0-301F-11D3-BF4B-00C04F79EFBC}") = "Tyuiu.ReshetovaAA.Sprint4.Task1.V25.Lib", "Tyuiu.ReshetovaAA.Sprint4.Task1.V25.Lib\Tyuiu.ReshetovaAA.Sprint4.Task1.V25.Lib.csproj", "{197FD3B1-DA93-450B-B286-E4B4CEA94532}"
EndProject
Project("{FAE04EC0-301F-11D3-BF4B-00C04F79EFBC}") = "Tyuiu.ReshetovaAA.Sprint4.Task1.V25.Test", "Tyuiu.ReshetovaAA.Sprint4.Task1.V25.Test\Tyuiu.ReshetovaAA.Sprint4.Task1.V25.Test.csproj", "{48672C15-3EF4-4BA6-B3CD-44C93E6D0166}"
EndProject
Project("{FAE04EC0-301F-11D3-BF4B-00C04F79EFBC}") = "Tyuiu.ReshetovaAA.Sprint4.Task1.V25", "Tyuiu.ReshetovaAA.Sprint4.Task1.V25\Tyuiu.ReshetovaAA.Sprint4.Task1.V25.csproj", "{4435D28F-D3B5-4DF3-BD65-834DAF720CE2}"
EndProject
Project("{2150E333-8FDC-42A3-9474-1A3956D46DE8}") = "Task2", "Task2", "{3362811D-35F6-479E-9F49-EF7D36E21487}"
EndProject
Project("{FAE04EC0-301F-11D3-BF4B-00C04F79EFBC}") = "Tyuiu.ReshetovaAA.Sprint4.Task2.V12", "Tyuiu.ReshetovaAA.Sprint4.Task2.V12\Tyuiu.ReshetovaAA.Sprint4.Task2.V12.csproj", "{13DCCB73-AFAC-4D0D-BE53-700D87BE2BD5}"
EndProject
Project("{FAE04EC0-301F-11D3-BF4B-00C04F79EFBC}") = "Tyuiu.ReshetovaAA.Sprint4.Task2.V12.Test", "Tyuiu.ReshetovaAA.Sprint4.Task2.V12.Test\Tyuiu.ReshetovaAA.Sprint4.Task2.V12.Test.csproj", "{8E7809AB-A234-4D1A-B955-42D23897BE67}"
EndProject
Project("{FAE04EC0-301F-11D3-BF4B-00C04F79EFBC}") = "Tyuiu.ReshetovaAA.Sprint4.Task2.V12.Lib", "Tyuiu.ReshetovaAA.Sprint4.Task2.V12.Lib\Tyuiu.ReshetovaAA.Sprint4.Task2.V12.Lib.csproj", "{A4387330-8DE9-47E1-A82F-EE1EAE9637B4}"
EndProject
Project("{2150E333-8FDC-42A3-9474-1A3956D46DE8}") = "Task3", "Task3", "{B3D50EA4-DB03-4623-8E0D-02167CC41457}"
EndProject
Project("{FAE04EC0-301F-11D3-BF4B-00C04F79EFBC}") = "Tyuiu.ReshetovaAA.Sprint4.Task3.V30.Lib", "Tyuiu.ReshetovaAA.Sprint4.Task3.V30.Lib\Tyuiu.ReshetovaAA.Sprint4.Task3.V30.Lib.csproj", "{3841039D-108F-497A-90FD-79D2C510B92C}"
EndProject
Project("{FAE04EC0-301F-11D3-BF4B-00C04F79EFBC}") = "Tyuiu.ReshetovaAA.Sprint4.Task3.V30.Test", "Tyuiu.ReshetovaAA.Sprint4.Task3.V30.Test\Tyuiu.ReshetovaAA.Sprint4.Task3.V30.Test.csproj", "{673B27FE-9497-426A-888A-3B8D09E765C6}"
EndProject
Project("{FAE04EC0-301F-11D3-BF4B-00C04F79EFBC}") = "Tyuiu.ReshetovaAA.Sprint4.Task3.V30", "Tyuiu.ReshetovaAA.Sprint4.Task3.V30\Tyuiu.ReshetovaAA.Sprint4.Task3.V30.csproj", "{38D084C9-C33F-45C1-BCF7-F5428403AC1D}"
EndProject
Project("{2150E333-8FDC-42A3-9474-1A3956D46DE8}") = "Task4", "Task4", "{66315115-1D83-4A6B-A8AC-626CB7B8C9AB}"
EndProject
Project("{FAE04EC0-301F-11D3-BF4B-00C04F79EFBC}") = "Tyuiu.ReshetovaAA.Sprint4.Task4.V28", "Tyuiu.ReshetovaAA.Sprint4.Task4.V28\Tyuiu.ReshetovaAA.Sprint4.Task4.V28.csproj", "{B30B03B6-F8E3-46B7-9C10-475AB8769DB0}"
EndProject
Project("{FAE04EC0-301F-11D3-BF4B-00C04F79EFBC}") = "Tyuiu.ReshetovaAA.Sprint4.Task4.V28.Test", "Tyuiu.ReshetovaAA.Sprint4.Task4.V28.Test\Tyuiu.ReshetovaAA.Sprint4.Task4.V28.Test.csproj", "{A395DEF4-D846-44E0-AEC0-4A6C7DDF0B57}"
EndProject
Project("{FAE04EC0-301F-11D3-BF4B-00C04F79EFBC}") = "Tyuiu.ReshetovaAA.Sprint4.Task4.V28.Lib", "Tyuiu.ReshetovaAA.Sprint4.Task4.V28.Lib\Tyuiu.ReshetovaAA.Sprint4.Task4.V28.Lib.csproj", "{C8D0439A-4779-42AC-B0ED-380F246C8675}"
EndProject
Project("{FAE04EC0-301F-11D3-BF4B-00C04F79EFBC}") = "Tyuiu.ReshetovaAA.Sprint4.Task5.V27", "Tyuiu.ReshetovaAA.Sprint4.Task5.V27\Tyuiu.ReshetovaAA.Sprint4.Task5.V27.csproj", "{3E562339-5394-4D5E-B9D0-835F3602A236}"
EndProject
Project("{2150E333-8FDC-42A3-9474-1A3956D46DE8}") = "Task5", "Task5", "{F5B24A5E-2DD4-4307-A7EF-63CF2C425BCA}"
EndProject
Project("{FAE04EC0-301F-11D3-BF4B-00C04F79EFBC}") = "Tyuiu.ReshetovaAA.Sprint4.Task5.V27.Lib", "Tyuiu.ReshetovaAA.Sprint4.Task5.V27.Lib\Tyuiu.ReshetovaAA.Sprint4.Task5.V27.Lib.csproj", "{CC7E87F2-E515-4662-B4ED-FC9F7B8102AF}"
EndProject
Project("{FAE04EC0-301F-11D3-BF4B-00C04F79EFBC}") = "Tyuiu.ReshetovaAA.Sprint4.Task5.V27.Test", "Tyuiu.ReshetovaAA.Sprint4.Task5.V27.Test\Tyuiu.ReshetovaAA.Sprint4.Task5.V27.Test.csproj", "{9FE8330B-9A77-4DA1-B711-BD52F6120D76}"
EndProject
Project("{2150E333-8FDC-42A3-9474-1A3956D46DE8}") = "Task6", "Task6", "{C7AFC8A4-6ED0-42A0-908A-A440E334E969}"
EndProject
Project("{FAE04EC0-301F-11D3-BF4B-00C04F79EFBC}") = "Tyuiu.ReshetovaAA.Sprint4.Task6.V27", "Tyuiu.ReshetovaAA.Sprint4.Task6.V27\Tyuiu.ReshetovaAA.Sprint4.Task6.V27.csproj", "{DEF758B8-5018-4EAE-A195-B0247512D4A2}"
EndProject
Project("{FAE04EC0-301F-11D3-BF4B-00C04F79EFBC}") = "Tyuiu.ReshetovaAA.Sprint4.Task6.V27.Test", "Tyuiu.ReshetovaAA.Sprint4.Task6.V27.Test\Tyuiu.ReshetovaAA.Sprint4.Task6.V27.Test.csproj", "{9D298214-DC7F-44F7-97B5-895F8FC95CD7}"
EndProject
Project("{FAE04EC0-301F-11D3-BF4B-00C04F79EFBC}") = "Tyuiu.ReshetovaAA.Sprint4.Task6.V27.Lib", "Tyuiu.ReshetovaAA.Sprint4.Task6.V27.Lib\Tyuiu.ReshetovaAA.Sprint4.Task6.V27.Lib.csproj", "{B40D89D4-7A21-4EF3-A64C-912A834E9026}"
EndProject
Project("{2150E333-8FDC-42A3-9474-1A3956D46DE8}") = "Task7", "Task7", "{134CC653-F3E0-4C27-A8CE-5598E6B6D0FB}"
EndProject
Project("{FAE04EC0-301F-11D3-BF4B-00C04F79EFBC}") = "Tyuiu.ReshetovaAA.Sprint4.Task7.V5.Lib", "Tyuiu.ReshetovaAA.Sprint4.Task7.V5.Lib\Tyuiu.ReshetovaAA.Sprint4.Task7.V5.Lib.csproj", "{638EFDCA-516A-4109-852A-DC74A6E02E95}"
EndProject
Project("{FAE04EC0-301F-11D3-BF4B-00C04F79EFBC}") = "Tyuiu.ReshetovaAA.Sprint4.Task7.V5.Test", "Tyuiu.ReshetovaAA.Sprint4.Task7.V5.Test\Tyuiu.ReshetovaAA.Sprint4.Task7.V5.Test.csproj", "{313C0B15-EA50-4B01-882E-87E34E6E64C5}"
EndProject
Project("{FAE04EC0-301F-11D3-BF4B-00C04F79EFBC}") = "Tyuiu.ReshetovaAA.Sprint4.Task7.V5", "Tyuiu.ReshetovaAA.Sprint4.Task7.V5\Tyuiu.ReshetovaAA.Sprint4.Task7.V5.csproj", "{40C6B6B8-43D1-4FA1-8A8E-B44A6D73E049}"
EndProject
Global
	GlobalSection(SolutionConfigurationPlatforms) = preSolution
		Debug|Any CPU = Debug|Any CPU
		Release|Any CPU = Release|Any CPU
	EndGlobalSection
	GlobalSection(ProjectConfigurationPlatforms) = postSolution
		{703F2DC9-1BA8-464B-92C1-C8F7E614E7CA}.Debug|Any CPU.ActiveCfg = Debug|Any CPU
		{703F2DC9-1BA8-464B-92C1-C8F7E614E7CA}.Debug|Any CPU.Build.0 = Debug|Any CPU
		{703F2DC9-1BA8-464B-92C1-C8F7E614E7CA}.Release|Any CPU.ActiveCfg = Release|Any CPU
		{703F2DC9-1BA8-464B-92C1-C8F7E614E7CA}.Release|Any CPU.Build.0 = Release|Any CPU
		{CF068185-6FE7-4DF9-AFBA-8CF9C4D2A6EC}.Debug|Any CPU.ActiveCfg = Debug|Any CPU
		{CF068185-6FE7-4DF9-AFBA-8CF9C4D2A6EC}.Debug|Any CPU.Build.0 = Debug|Any CPU
		{CF068185-6FE7-4DF9-AFBA-8CF9C4D2A6EC}.Release|Any CPU.ActiveCfg = Release|Any CPU
		{CF068185-6FE7-4DF9-AFBA-8CF9C4D2A6EC}.Release|Any CPU.Build.0 = Release|Any CPU
		{35A6FBDE-B2BB-4DE2-9493-4BDEAB93F5A8}.Debug|Any CPU.ActiveCfg = Debug|Any CPU
		{35A6FBDE-B2BB-4DE2-9493-4BDEAB93F5A8}.Debug|Any CPU.Build.0 = Debug|Any CPU
		{35A6FBDE-B2BB-4DE2-9493-4BDEAB93F5A8}.Release|Any CPU.ActiveCfg = Release|Any CPU
		{35A6FBDE-B2BB-4DE2-9493-4BDEAB93F5A8}.Release|Any CPU.Build.0 = Release|Any CPU
		{197FD3B1-DA93-450B-B286-E4B4CEA94532}.Debug|Any CPU.ActiveCfg = Debug|Any CPU
		{197FD3B1-DA93-450B-B286-E4B4CEA94532}.Debug|Any CPU.Build.0 = Debug|Any CPU
		{197FD3B1-DA93-450B-B286-E4B4CEA94532}.Release|Any CPU.ActiveCfg = Release|Any CPU
		{197FD3B1-DA93-450B-B286-E4B4CEA94532}.Release|Any CPU.Build.0 = Release|Any CPU
		{48672C15-3EF4-4BA6-B3CD-44C93E6D0166}.Debug|Any CPU.ActiveCfg = Debug|Any CPU
		{48672C15-3EF4-4BA6-B3CD-44C93E6D0166}.Debug|Any CPU.Build.0 = Debug|Any CPU
		{48672C15-3EF4-4BA6-B3CD-44C93E6D0166}.Release|Any CPU.ActiveCfg = Release|Any CPU
		{48672C15-3EF4-4BA6-B3CD-44C93E6D0166}.Release|Any CPU.Build.0 = Release|Any CPU
		{4435D28F-D3B5-4DF3-BD65-834DAF720CE2}.Debug|Any CPU.ActiveCfg = Debug|Any CPU
		{4435D28F-D3B5-4DF3-BD65-834DAF720CE2}.Debug|Any CPU.Build.0 = Debug|Any CPU
		{4435D28F-D3B5-4DF3-BD65-834DAF720CE2}.Release|Any CPU.ActiveCfg = Release|Any CPU
		{4435D28F-D3B5-4DF3-BD65-834DAF720CE2}.Release|Any CPU.Build.0 = Release|Any CPU
		{13DCCB73-AFAC-4D0D-BE53-700D87BE2BD5}.Debug|Any CPU.ActiveCfg = Debug|Any CPU
		{13DCCB73-AFAC-4D0D-BE53-700D87BE2BD5}.Debug|Any CPU.Build.0 = Debug|Any CPU
		{13DCCB73-AFAC-4D0D-BE53-700D87BE2BD5}.Release|Any CPU.ActiveCfg = Release|Any CPU
		{13DCCB73-AFAC-4D0D-BE53-700D87BE2BD5}.Release|Any CPU.Build.0 = Release|Any CPU
		{8E7809AB-A234-4D1A-B955-42D23897BE67}.Debug|Any CPU.ActiveCfg = Debug|Any CPU
		{8E7809AB-A234-4D1A-B955-42D23897BE67}.Debug|Any CPU.Build.0 = Debug|Any CPU
		{8E7809AB-A234-4D1A-B955-42D23897BE67}.Release|Any CPU.ActiveCfg = Release|Any CPU
		{8E7809AB-A234-4D1A-B955-42D23897BE67}.Release|Any CPU.Build.0 = Release|Any CPU
		{A4387330-8DE9-47E1-A82F-EE1EAE9637B4}.Debug|Any CPU.ActiveCfg = Debug|Any CPU
		{A4387330-8DE9-47E1-A82F-EE1EAE9637B4}.Debug|Any CPU.Build.0 = Debug|Any CPU
		{A4387330-8DE9-47E1-A82F-EE1EAE9637B4}.Release|Any CPU.ActiveCfg = Release|Any CPU
		{A4387330-8DE9-47E1-A82F-EE1EAE9637B4}.Release|Any CPU.Build.0 = Release|Any CPU
		{3841039D-108F-497A-90FD-79D2C510B92C}.Debug|Any CPU.ActiveCfg = Debug|Any CPU
		{3841039D-108F-497A-90FD-79D2C510B92C}.Debug|Any CPU.Build.0 = Debug|Any CPU
		{3841039D-108F-497A-90FD-79D2C510B92C}.Release|Any CPU.ActiveCfg = Release|Any CPU
		{3841039D-108F-497A-90FD-79D2C510B92C}.Release|Any CPU.Build.0 = Release|Any CPU
		{673B27FE-9497-426A-888A-3B8D09E765C6}.Debug|Any CPU.ActiveCfg = Debug|Any CPU
		{673B27FE-9497-426A-888A-3B8D09E765C6}.Debug|Any CPU.Build.0 = Debug|Any CPU
		{673B27FE-9497-426A-888A-3B8D09E765C6}.Release|Any CPU.ActiveCfg = Release|Any CPU
		{673B27FE-9497-426A-888A-3B8D09E765C6}.Release|Any CPU.Build.0 = Release|Any CPU
		{38D084C9-C33F-45C1-BCF7-F5428403AC1D}.Debug|Any CPU.ActiveCfg = Debug|Any CPU
		{38D084C9-C33F-45C1-BCF7-F5428403AC1D}.Debug|Any CPU.Build.0 = Debug|Any CPU
		{38D084C9-C33F-45C1-BCF7-F5428403AC1D}.Release|Any CPU.ActiveCfg = Release|Any CPU
		{38D084C9-C33F-45C1-BCF7-F5428403AC1D}.Release|Any CPU.Build.0 = Release|Any CPU
		{B30B03B6-F8E3-46B7-9C10-475AB8769DB0}.Debug|Any CPU.ActiveCfg = Debug|Any CPU
		{B30B03B6-F8E3-46B7-9C10-475AB8769DB0}.Debug|Any CPU.Build.0 = Debug|Any CPU
		{B30B03B6-F8E3-46B7-9C10-475AB8769DB0}.Release|Any CPU.ActiveCfg = Release|Any CPU
		{B30B03B6-F8E3-46B7-9C10-475AB8769DB0}.Release|Any CPU.Build.0 = Release|Any CPU
		{A395DEF4-D846-44E0-AEC0-4A6C7DDF0B57}.Debug|Any CPU.ActiveCfg = Debug|Any CPU
		{A395DEF4-D846-44E0-AEC0-4A6C7DDF0B57}.Debug|Any CPU.Build.0 = Debug|Any CPU
		{A395DEF4-D846-44E0-AEC0-4A6C7DDF0B57}.Release|Any CPU.ActiveCfg = Release|Any CPU
		{A395DEF4-D846-44E0-AEC0-4A6C7DDF0B57}.Release|Any CPU.Build.0 = Release|Any CPU
		{C8D0439A-4779-42AC-B0ED-380F246C8675}.Debug|Any CPU.ActiveCfg = Debug|Any CPU
		{C8D0439A-4779-42AC-B0ED-380F246C8675}.Debug|Any CPU.Build.0 = Debug|Any CPU
		{C8D0439A-4779-42AC-B0ED-380F246C8675}.Release|Any CPU.ActiveCfg = Release|Any CPU
		{C8D0439A-4779-42AC-B0ED-380F246C8675}.Release|Any CPU.Build.0 = Release|Any CPU
		{3E562339-5394-4D5E-B9D0-835F3602A236}.Debug|Any CPU.ActiveCfg = Debug|Any CPU
		{3E562339-5394-4D5E-B9D0-835F3602A236}.Debug|Any CPU.Build.0 = Debug|Any CPU
		{3E562339-5394-4D5E-B9D0-835F3602A236}.Release|Any CPU.ActiveCfg = Release|Any CPU
		{3E562339-5394-4D5E-B9D0-835F3602A236}.Release|Any CPU.Build.0 = Release|Any CPU
		{CC7E87F2-E515-4662-B4ED-FC9F7B8102AF}.Debug|Any CPU.ActiveCfg = Debug|Any CPU
		{CC7E87F2-E515-4662-B4ED-FC9F7B8102AF}.Debug|Any CPU.Build.0 = Debug|Any CPU
		{CC7E87F2-E515-4662-B4ED-FC9F7B8102AF}.Release|Any CPU.ActiveCfg = Release|Any CPU
		{CC7E87F2-E515-4662-B4ED-FC9F7B8102AF}.Release|Any CPU.Build.0 = Release|Any CPU
		{9FE8330B-9A77-4DA1-B711-BD52F6120D76}.Debug|Any CPU.ActiveCfg = Debug|Any CPU
		{9FE8330B-9A77-4DA1-B711-BD52F6120D76}.Debug|Any CPU.Build.0 = Debug|Any CPU
		{9FE8330B-9A77-4DA1-B711-BD52F6120D76}.Release|Any CPU.ActiveCfg = Release|Any CPU
		{9FE8330B-9A77-4DA1-B711-BD52F6120D76}.Release|Any CPU.Build.0 = Release|Any CPU
		{DEF758B8-5018-4EAE-A195-B0247512D4A2}.Debug|Any CPU.ActiveCfg = Debug|Any CPU
		{DEF758B8-5018-4EAE-A195-B0247512D4A2}.Debug|Any CPU.Build.0 = Debug|Any CPU
		{DEF758B8-5018-4EAE-A195-B0247512D4A2}.Release|Any CPU.ActiveCfg = Release|Any CPU
		{DEF758B8-5018-4EAE-A195-B0247512D4A2}.Release|Any CPU.Build.0 = Release|Any CPU
		{9D298214-DC7F-44F7-97B5-895F8FC95CD7}.Debug|Any CPU.ActiveCfg = Debug|Any CPU
		{9D298214-DC7F-44F7-97B5-895F8FC95CD7}.Debug|Any CPU.Build.0 = Debug|Any CPU
		{9D298214-DC7F-44F7-97B5-895F8FC95CD7}.Release|Any CPU.ActiveCfg = Release|Any CPU
		{9D298214-DC7F-44F7-97B5-895F8FC95CD7}.Release|Any CPU.Build.0 = Release|Any CPU
		{B40D89D4-7A21-4EF3-A64C-912A834E9026}.Debug|Any CPU.ActiveCfg = Debug|Any CPU
		{B40D89D4-7A21-4EF3-A64C-912A834E9026}.Debug|Any CPU.Build.0 = Debug|Any CPU
		{B40D89D4-7A21-4EF3-A64C-912A834E9026}.Release|Any CPU.ActiveCfg = Release|Any CPU
		{B40D89D4-7A21-4EF3-A64C-912A834E9026}.Release|Any CPU.Build.0 = Release|Any CPU
		{638EFDCA-516A-4109-852A-DC74A6E02E95}.Debug|Any CPU.ActiveCfg = Debug|Any CPU
		{638EFDCA-516A-4109-852A-DC74A6E02E95}.Debug|Any CPU.Build.0 = Debug|Any CPU
		{638EFDCA-516A-4109-852A-DC74A6E02E95}.Release|Any CPU.ActiveCfg = Release|Any CPU
		{638EFDCA-516A-4109-852A-DC74A6E02E95}.Release|Any CPU.Build.0 = Release|Any CPU
		{313C0B15-EA50-4B01-882E-87E34E6E64C5}.Debug|Any CPU.ActiveCfg = Debug|Any CPU
		{313C0B15-EA50-4B01-882E-87E34E6E64C5}.Debug|Any CPU.Build.0 = Debug|Any CPU
		{313C0B15-EA50-4B01-882E-87E34E6E64C5}.Release|Any CPU.ActiveCfg = Release|Any CPU
		{313C0B15-EA50-4B01-882E-87E34E6E64C5}.Release|Any CPU.Build.0 = Release|Any CPU
		{40C6B6B8-43D1-4FA1-8A8E-B44A6D73E049}.Debug|Any CPU.ActiveCfg = Debug|Any CPU
		{40C6B6B8-43D1-4FA1-8A8E-B44A6D73E049}.Debug|Any CPU.Build.0 = Debug|Any CPU
		{40C6B6B8-43D1-4FA1-8A8E-B44A6D73E049}.Release|Any CPU.ActiveCfg = Release|Any CPU
		{40C6B6B8-43D1-4FA1-8A8E-B44A6D73E049}.Release|Any CPU.Build.0 = Release|Any CPU
	EndGlobalSection
	GlobalSection(SolutionProperties) = preSolution
		HideSolutionNode = FALSE
	EndGlobalSection
	GlobalSection(NestedProjects) = preSolution
		{703F2DC9-1BA8-464B-92C1-C8F7E614E7CA} = {02EA681E-C7D8-13C7-8484-4AC65E1B71E8}
		{CF068185-6FE7-4DF9-AFBA-8CF9C4D2A6EC} = {02EA681E-C7D8-13C7-8484-4AC65E1B71E8}
		{35A6FBDE-B2BB-4DE2-9493-4BDEAB93F5A8} = {02EA681E-C7D8-13C7-8484-4AC65E1B71E8}
		{197FD3B1-DA93-450B-B286-E4B4CEA94532} = {50A1E851-0F5D-401A-8190-1445B4AB45BB}
		{48672C15-3EF4-4BA6-B3CD-44C93E6D0166} = {50A1E851-0F5D-401A-8190-1445B4AB45BB}
		{4435D28F-D3B5-4DF3-BD65-834DAF720CE2} = {50A1E851-0F5D-401A-8190-1445B4AB45BB}
		{13DCCB73-AFAC-4D0D-BE53-700D87BE2BD5} = {3362811D-35F6-479E-9F49-EF7D36E21487}
		{8E7809AB-A234-4D1A-B955-42D23897BE67} = {3362811D-35F6-479E-9F49-EF7D36E21487}
		{A4387330-8DE9-47E1-A82F-EE1EAE9637B4} = {3362811D-35F6-479E-9F49-EF7D36E21487}
		{3841039D-108F-497A-90FD-79D2C510B92C} = {B3D50EA4-DB03-4623-8E0D-02167CC41457}
		{673B27FE-9497-426A-888A-3B8D09E765C6} = {B3D50EA4-DB03-4623-8E0D-02167CC41457}
		{38D084C9-C33F-45C1-BCF7-F5428403AC1D} = {B3D50EA4-DB03-4623-8E0D-02167CC41457}
		{B30B03B6-F8E3-46B7-9C10-475AB8769DB0} = {66315115-1D83-4A6B-A8AC-626CB7B8C9AB}
		{A395DEF4-D846-44E0-AEC0-4A6C7DDF0B57} = {66315115-1D83-4A6B-A8AC-626CB7B8C9AB}
		{C8D0439A-4779-42AC-B0ED-380F246C8675} = {66315115-1D83-4A6B-A8AC-626CB7B8C9AB}
		{3E562339-5394-4D5E-B9D0-835F3602A236} = {F5B24A5E-2DD4-4307-A7EF-63CF2C425BCA}
		{CC7E87F2-E515-4662-B4ED-FC9F7B8102AF} = {F5B24A5E-2DD4-4307-A7EF-63CF2C425BCA}
		{9FE8330B-9A77-4DA1-B711-BD52F6120D76} = {F5B24A5E-2DD4-4307-A7EF-63CF2C425BCA}
		{DEF758B8-5018-4EAE-A195-B0247512D4A2} = {C7AFC8A4-6ED0-42A0-908A-A440E334E969}
		{9D298214-DC7F-44F7-97B5-895F8FC95CD7} = {C7AFC8A4-6ED0-42A0-908A-A440E334E969}
		{B40D89D4-7A21-4EF3-A64C-912A834E9026} = {C7AFC8A4-6ED0-42A0-908A-A440E334E969}
		{638EFDCA-516A-4109-852A-DC74A6E02E95} = {134CC653-F3E0-4C27-A8CE-5598E6B6D0FB}
		{313C0B15-EA50-4B01-882E-87E34E6E64C5} = {134CC653-F3E0-4C27-A8CE-5598E6B6D0FB}
		{40C6B6B8-43D1-4FA1-8A8E-B44A6D73E049} = {134CC653-F3E0-4C27-A8CE-5598E6B6D0FB}
	EndGlobalSection
	GlobalSection(ExtensibilityGlobals) = postSolution
		SolutionGuid = {C87A6D76-FEF4-4AFF-9016-8E0239E505EF}
	EndGlobalSection
EndGlobal
